
Microsoft Visual Studio Solution File, Format Version 12.00
# Visual Studio 15
VisualStudioVersion = 15.0.26730.10
MinimumVisualStudioVersion = 10.0.40219.1
Project("{FAE04EC0-301F-11D3-BF4B-00C04F79EFBC}") = "TerrariaClone", "TerrariaClone.csproj", "{985AB287-AC5E-412A-9442-9C78FE120A80}"
EndProject
Global
	GlobalSection(SolutionConfigurationPlatforms) = preSolution
		Debug|x86 = Debug|x86
		Release|x86 = Release|x86
	EndGlobalSection
	GlobalSection(ProjectConfigurationPlatforms) = postSolution
		{985AB287-AC5E-412A-9442-9C78FE120A80}.Debug|x86.ActiveCfg = Debug|x86
		{985AB287-AC5E-412A-9442-9C78FE120A80}.Debug|x86.Build.0 = Debug|x86
		{985AB287-AC5E-412A-9442-9C78FE120A80}.Release|x86.ActiveCfg = Release|x86
		{985AB287-AC5E-412A-9442-9C78FE120A80}.Release|x86.Build.0 = Release|x86
	EndGlobalSection
	GlobalSection(SolutionProperties) = preSolution
		HideSolutionNode = FALSE
	EndGlobalSection
	GlobalSection(ExtensibilityGlobals) = postSolution
		SolutionGuid = {3BD086FF-DAEB-4988-B06B-105E389BC921}
	EndGlobalSection
EndGlobal
